// !$*UTF8*$!
{
	archiveVersion = 1;
	classes = {
	};
	objectVersion = 56;
	objects = {

/* Begin PBXBuildFile section */
		C9234C412C5B824D00431A55 /* Landmarks_IVApp.swift in Sources */ = {isa = PBXBuildFile; fileRef = C9234C402C5B824D00431A55 /* Landmarks_IVApp.swift */; };
		C9234C432C5B824D00431A55 /* LandmarkDetail.swift in Sources */ = {isa = PBXBuildFile; fileRef = C9234C422C5B824D00431A55 /* LandmarkDetail.swift */; };
		C9234C452C5B824E00431A55 /* Assets.xcassets in Resources */ = {isa = PBXBuildFile; fileRef = C9234C442C5B824E00431A55 /* Assets.xcassets */; };
		C9234C482C5B824E00431A55 /* Preview Assets.xcassets in Resources */ = {isa = PBXBuildFile; fileRef = C9234C472C5B824E00431A55 /* Preview Assets.xcassets */; };
		C96A51232C5C4D1B00FB2E13 /* CircleImage.swift in Sources */ = {isa = PBXBuildFile; fileRef = C96A51222C5C4D1B00FB2E13 /* CircleImage.swift */; };
		C96A51272C5C4F3800FB2E13 /* MapView.swift in Sources */ = {isa = PBXBuildFile; fileRef = C96A51262C5C4F3800FB2E13 /* MapView.swift */; };
		C9ACE6532C5C6B7A0088252F /* landmarkData.json in Resources */ = {isa = PBXBuildFile; fileRef = C9ACE6522C5C6B7A0088252F /* landmarkData.json */; };
		C9ACE6552C5C6E0C0088252F /* Landmark.swift in Sources */ = {isa = PBXBuildFile; fileRef = C9ACE6542C5C6E0C0088252F /* Landmark.swift */; };
		C9ACE6572C5C71A60088252F /* ModelData.swift in Sources */ = {isa = PBXBuildFile; fileRef = C9ACE6562C5C71A60088252F /* ModelData.swift */; };
		C9ACE65C2C5C7A140088252F /* LandmarkRow.swift in Sources */ = {isa = PBXBuildFile; fileRef = C9ACE65B2C5C7A140088252F /* LandmarkRow.swift */; };
		C9ACE65E2C5C95C60088252F /* LandmarkList.swift in Sources */ = {isa = PBXBuildFile; fileRef = C9ACE65D2C5C95C60088252F /* LandmarkList.swift */; };
		C9ACE6622C5CD0C00088252F /* ContentView.swift in Sources */ = {isa = PBXBuildFile; fileRef = C9ACE6612C5CD0C00088252F /* ContentView.swift */; };
/* End PBXBuildFile section */

/* Begin PBXFileReference section */
		C9234C3D2C5B824D00431A55 /* Landmarks_IV.app */ = {isa = PBXFileReference; explicitFileType = wrapper.application; includeInIndex = 0; path = Landmarks_IV.app; sourceTree = BUILT_PRODUCTS_DIR; };
		C9234C402C5B824D00431A55 /* Landmarks_IVApp.swift */ = {isa = PBXFileReference; lastKnownFileType = sourcecode.swift; path = Landmarks_IVApp.swift; sourceTree = "<group>"; };
		C9234C422C5B824D00431A55 /* LandmarkDetail.swift */ = {isa = PBXFileReference; lastKnownFileType = sourcecode.swift; path = LandmarkDetail.swift; sourceTree = "<group>"; };
		C9234C442C5B824E00431A55 /* Assets.xcassets */ = {isa = PBXFileReference; lastKnownFileType = folder.assetcatalog; path = Assets.xcassets; sourceTree = "<group>"; };
		C9234C472C5B824E00431A55 /* Preview Assets.xcassets */ = {isa = PBXFileReference; lastKnownFileType = folder.assetcatalog; path = "Preview Assets.xcassets"; sourceTree = "<group>"; };
		C96A51222C5C4D1B00FB2E13 /* CircleImage.swift */ = {isa = PBXFileReference; fileEncoding = 4; lastKnownFileType = sourcecode.swift; path = CircleImage.swift; sourceTree = "<group>"; };
		C96A51262C5C4F3800FB2E13 /* MapView.swift */ = {isa = PBXFileReference; fileEncoding = 4; lastKnownFileType = sourcecode.swift; path = MapView.swift; sourceTree = "<group>"; };
		C9ACE6522C5C6B7A0088252F /* landmarkData.json */ = {isa = PBXFileReference; fileEncoding = 4; lastKnownFileType = text.json; path = landmarkData.json; sourceTree = "<group>"; };
		C9ACE6542C5C6E0C0088252F /* Landmark.swift */ = {isa = PBXFileReference; lastKnownFileType = sourcecode.swift; path = Landmark.swift; sourceTree = "<group>"; };
		C9ACE6562C5C71A60088252F /* ModelData.swift */ = {isa = PBXFileReference; lastKnownFileType = sourcecode.swift; path = ModelData.swift; sourceTree = "<group>"; };
		C9ACE65B2C5C7A140088252F /* LandmarkRow.swift */ = {isa = PBXFileReference; lastKnownFileType = sourcecode.swift; path = LandmarkRow.swift; sourceTree = "<group>"; };
		C9ACE65D2C5C95C60088252F /* LandmarkList.swift */ = {isa = PBXFileReference; lastKnownFileType = sourcecode.swift; path = LandmarkList.swift; sourceTree = "<group>"; };
		C9ACE6612C5CD0C00088252F /* ContentView.swift */ = {isa = PBXFileReference; lastKnownFileType = sourcecode.swift; path = ContentView.swift; sourceTree = "<group>"; };
/* End PBXFileReference section */

/* Begin PBXFrameworksBuildPhase section */
		C9234C3A2C5B824D00431A55 /* Frameworks */ = {
			isa = PBXFrameworksBuildPhase;
			buildActionMask = 2147483647;
			files = (
			);
			runOnlyForDeploymentPostprocessing = 0;
		};
/* End PBXFrameworksBuildPhase section */

/* Begin PBXGroup section */
		C9234C342C5B824D00431A55 = {
			isa = PBXGroup;
			children = (
				C9234C3F2C5B824D00431A55 /* Landmarks_IV */,
				C9234C3E2C5B824D00431A55 /* Products */,
			);
			sourceTree = "<group>";
		};
		C9234C3E2C5B824D00431A55 /* Products */ = {
			isa = PBXGroup;
			children = (
				C9234C3D2C5B824D00431A55 /* Landmarks_IV.app */,
			);
			name = Products;
			sourceTree = "<group>";
		};
		C9234C3F2C5B824D00431A55 /* Landmarks_IV */ = {
			isa = PBXGroup;
			children = (
				C9234C402C5B824D00431A55 /* Landmarks_IVApp.swift */,
				C9ACE6582C5C732F0088252F /* Views */,
				C9ACE65A2C5C736F0088252F /* Model */,
				C9ACE6592C5C73490088252F /* Resources */,
				C9234C442C5B824E00431A55 /* Assets.xcassets */,
				C9234C462C5B824E00431A55 /* Preview Content */,
			);
			path = Landmarks_IV;
			sourceTree = "<group>";
		};
		C9234C462C5B824E00431A55 /* Preview Content */ = {
			isa = PBXGroup;
			children = (
				C9234C472C5B824E00431A55 /* Preview Assets.xcassets */,
			);
			path = "Preview Content";
			sourceTree = "<group>";
		};
		C9ACE6582C5C732F0088252F /* Views */ = {
			isa = PBXGroup;
			children = (
				C9ACE6612C5CD0C00088252F /* ContentView.swift */,
				C96A51262C5C4F3800FB2E13 /* MapView.swift */,
				C96A51222C5C4D1B00FB2E13 /* CircleImage.swift */,
				C9234C422C5B824D00431A55 /* LandmarkDetail.swift */,
				C9ACE65B2C5C7A140088252F /* LandmarkRow.swift */,
				C9ACE65D2C5C95C60088252F /* LandmarkList.swift */,
			);
			path = Views;
			sourceTree = "<group>";
		};
		C9ACE6592C5C73490088252F /* Resources */ = {
			isa = PBXGroup;
			children = (
				C9ACE6522C5C6B7A0088252F /* landmarkData.json */,
			);
			path = Resources;
			sourceTree = "<group>";
		};
		C9ACE65A2C5C736F0088252F /* Model */ = {
			isa = PBXGroup;
			children = (
				C9ACE6542C5C6E0C0088252F /* Landmark.swift */,
				C9ACE6562C5C71A60088252F /* ModelData.swift */,
			);
			path = Model;
			sourceTree = "<group>";
		};
/* End PBXGroup section */

/* Begin PBXNativeTarget section */
		C9234C3C2C5B824D00431A55 /* Landmarks_IV */ = {
			isa = PBXNativeTarget;
			buildConfigurationList = C9234C4B2C5B824E00431A55 /* Build configuration list for PBXNativeTarget "Landmarks_IV" */;
			buildPhases = (
				C9234C392C5B824D00431A55 /* Sources */,
				C9234C3A2C5B824D00431A55 /* Frameworks */,
				C9234C3B2C5B824D00431A55 /* Resources */,
			);
			buildRules = (
			);
			dependencies = (
			);
			name = Landmarks_IV;
			productName = Landmarks_IV;
			productReference = C9234C3D2C5B824D00431A55 /* Landmarks_IV.app */;
			productType = "com.apple.product-type.application";
		};
/* End PBXNativeTarget section */

/* Begin PBXProject section */
		C9234C352C5B824D00431A55 /* Project object */ = {
			isa = PBXProject;
			attributes = {
				BuildIndependentTargetsInParallel = 1;
				LastSwiftUpdateCheck = 1540;
				LastUpgradeCheck = 1540;
				TargetAttributes = {
					C9234C3C2C5B824D00431A55 = {
						CreatedOnToolsVersion = 15.4;
					};
				};
			};
			buildConfigurationList = C9234C382C5B824D00431A55 /* Build configuration list for PBXProject "Landmarks_IV" */;
			compatibilityVersion = "Xcode 14.0";
			developmentRegion = en;
			hasScannedForEncodings = 0;
			knownRegions = (
				en,
				Base,
			);
			mainGroup = C9234C342C5B824D00431A55;
			productRefGroup = C9234C3E2C5B824D00431A55 /* Products */;
			projectDirPath = "";
			projectRoot = "";
			targets = (
				C9234C3C2C5B824D00431A55 /* Landmarks_IV */,
			);
		};
/* End PBXProject section */

/* Begin PBXResourcesBuildPhase section */
		C9234C3B2C5B824D00431A55 /* Resources */ = {
			isa = PBXResourcesBuildPhase;
			buildActionMask = 2147483647;
			files = (
				C9234C482C5B824E00431A55 /* Preview Assets.xcassets in Resources */,
				C9234C452C5B824E00431A55 /* Assets.xcassets in Resources */,
				C9ACE6532C5C6B7A0088252F /* landmarkData.json in Resources */,
			);
			runOnlyForDeploymentPostprocessing = 0;
		};
/* End PBXResourcesBuildPhase section */

/* Begin PBXSourcesBuildPhase section */
		C9234C392C5B824D00431A55 /* Sources */ = {
			isa = PBXSourcesBuildPhase;
			buildActionMask = 2147483647;
			files = (
				C9234C432C5B824D00431A55 /* LandmarkDetail.swift in Sources */,
				C96A51272C5C4F3800FB2E13 /* MapView.swift in Sources */,
				C9234C412C5B824D00431A55 /* Landmarks_IVApp.swift in Sources */,
				C9ACE65E2C5C95C60088252F /* LandmarkList.swift in Sources */,
				C96A51232C5C4D1B00FB2E13 /* CircleImage.swift in Sources */,
				C9ACE6622C5CD0C00088252F /* ContentView.swift in Sources */,
				C9ACE6552C5C6E0C0088252F /* Landmark.swift in Sources */,
				C9ACE65C2C5C7A140088252F /* LandmarkRow.swift in Sources */,
				C9ACE6572C5C71A60088252F /* ModelData.swift in Sources */,
			);
			runOnlyForDeploymentPostprocessing = 0;
		};
/* End PBXSourcesBuildPhase section */

/* Begin XCBuildConfiguration section */
		C9234C492C5B824E00431A55 /* Debug */ = {
			isa = XCBuildConfiguration;
			buildSettings = {
				ALWAYS_SEARCH_USER_PATHS = NO;
				ASSETCATALOG_COMPILER_GENERATE_SWIFT_ASSET_SYMBOL_EXTENSIONS = YES;
				CLANG_ANALYZER_NONNULL = YES;
				CLANG_ANALYZER_NUMBER_OBJECT_CONVERSION = YES_AGGRESSIVE;
				CLANG_CXX_LANGUAGE_STANDARD = "gnu++20";
				CLANG_ENABLE_MODULES = YES;
				CLANG_ENABLE_OBJC_ARC = YES;
				CLANG_ENABLE_OBJC_WEAK = YES;
				CLANG_WARN_BLOCK_CAPTURE_AUTORELEASING = YES;
				CLANG_WARN_BOOL_CONVERSION = YES;
				CLANG_WARN_COMMA = YES;
				CLANG_WARN_CONSTANT_CONVERSION = YES;
				CLANG_WARN_DEPRECATED_OBJC_IMPLEMENTATIONS = YES;
				CLANG_WARN_DIRECT_OBJC_ISA_USAGE = YES_ERROR;
				CLANG_WARN_DOCUMENTATION_COMMENTS = YES;
				CLANG_WARN_EMPTY_BODY = YES;
				CLANG_WARN_ENUM_CONVERSION = YES;
				CLANG_WARN_INFINITE_RECURSION = YES;
				CLANG_WARN_INT_CONVERSION = YES;
				CLANG_WARN_NON_LITERAL_NULL_CONVERSION = YES;
				CLANG_WARN_OBJC_IMPLICIT_RETAIN_SELF = YES;
				CLANG_WARN_OBJC_LITERAL_CONVERSION = YES;
				CLANG_WARN_OBJC_ROOT_CLASS = YES_ERROR;
				CLANG_WARN_QUOTED_INCLUDE_IN_FRAMEWORK_HEADER = YES;
				CLANG_WARN_RANGE_LOOP_ANALYSIS = YES;
				CLANG_WARN_STRICT_PROTOTYPES = YES;
				CLANG_WARN_SUSPICIOUS_MOVE = YES;
				CLANG_WARN_UNGUARDED_AVAILABILITY = YES_AGGRESSIVE;
				CLANG_WARN_UNREACHABLE_CODE = YES;
				CLANG_WARN__DUPLICATE_METHOD_MATCH = YES;
				COPY_PHASE_STRIP = NO;
				DEBUG_INFORMATION_FORMAT = dwarf;
				ENABLE_STRICT_OBJC_MSGSEND = YES;
				ENABLE_TESTABILITY = YES;
				ENABLE_USER_SCRIPT_SANDBOXING = YES;
				GCC_C_LANGUAGE_STANDARD = gnu17;
				GCC_DYNAMIC_NO_PIC = NO;
				GCC_NO_COMMON_BLOCKS = YES;
				GCC_OPTIMIZATION_LEVEL = 0;
				GCC_PREPROCESSOR_DEFINITIONS = (
					"DEBUG=1",
					"$(inherited)",
				);
				GCC_WARN_64_TO_32_BIT_CONVERSION = YES;
				GCC_WARN_ABOUT_RETURN_TYPE = YES_ERROR;
				GCC_WARN_UNDECLARED_SELECTOR = YES;
				GCC_WARN_UNINITIALIZED_AUTOS = YES_AGGRESSIVE;
				GCC_WARN_UNUSED_FUNCTION = YES;
				GCC_WARN_UNUSED_VARIABLE = YES;
				IPHONEOS_DEPLOYMENT_TARGET = 17.5;
				LOCALIZATION_PREFERS_STRING_CATALOGS = YES;
				MTL_ENABLE_DEBUG_INFO = INCLUDE_SOURCE;
				MTL_FAST_MATH = YES;
				ONLY_ACTIVE_ARCH = YES;
				SDKROOT = iphoneos;
				SWIFT_ACTIVE_COMPILATION_CONDITIONS = "DEBUG $(inherited)";
				SWIFT_OPTIMIZATION_LEVEL = "-Onone";
			};
			name = Debug;
		};
		C9234C4A2C5B824E00431A55 /* Release */ = {
			isa = XCBuildConfiguration;
			buildSettings = {
				ALWAYS_SEARCH_USER_PATHS = NO;
				ASSETCATALOG_COMPILER_GENERATE_SWIFT_ASSET_SYMBOL_EXTENSIONS = YES;
				CLANG_ANALYZER_NONNULL = YES;
				CLANG_ANALYZER_NUMBER_OBJECT_CONVERSION = YES_AGGRESSIVE;
				CLANG_CXX_LANGUAGE_STANDARD = "gnu++20";
				CLANG_ENABLE_MODULES = YES;
				CLANG_ENABLE_OBJC_ARC = YES;
				CLANG_ENABLE_OBJC_WEAK = YES;
				CLANG_WARN_BLOCK_CAPTURE_AUTORELEASING = YES;
				CLANG_WARN_BOOL_CONVERSION = YES;
				CLANG_WARN_COMMA = YES;
				CLANG_WARN_CONSTANT_CONVERSION = YES;
				CLANG_WARN_DEPRECATED_OBJC_IMPLEMENTATIONS = YES;
				CLANG_WARN_DIRECT_OBJC_ISA_USAGE = YES_ERROR;
				CLANG_WARN_DOCUMENTATION_COMMENTS = YES;
				CLANG_WARN_EMPTY_BODY = YES;
				CLANG_WARN_ENUM_CONVERSION = YES;
				CLANG_WARN_INFINITE_RECURSION = YES;
				CLANG_WARN_INT_CONVERSION = YES;
				CLANG_WARN_NON_LITERAL_NULL_CONVERSION = YES;
				CLANG_WARN_OBJC_IMPLICIT_RETAIN_SELF = YES;
				CLANG_WARN_OBJC_LITERAL_CONVERSION = YES;
				CLANG_WARN_OBJC_ROOT_CLASS = YES_ERROR;
				CLANG_WARN_QUOTED_INCLUDE_IN_FRAMEWORK_HEADER = YES;
				CLANG_WARN_RANGE_LOOP_ANALYSIS = YES;
				CLANG_WARN_STRICT_PROTOTYPES = YES;
				CLANG_WARN_SUSPICIOUS_MOVE = YES;
				CLANG_WARN_UNGUARDED_AVAILABILITY = YES_AGGRESSIVE;
				CLANG_WARN_UNREACHABLE_CODE = YES;
				CLANG_WARN__DUPLICATE_METHOD_MATCH = YES;
				COPY_PHASE_STRIP = NO;
				DEBUG_INFORMATION_FORMAT = "dwarf-with-dsym";
				ENABLE_NS_ASSERTIONS = NO;
				ENABLE_STRICT_OBJC_MSGSEND = YES;
				ENABLE_USER_SCRIPT_SANDBOXING = YES;
				GCC_C_LANGUAGE_STANDARD = gnu17;
				GCC_NO_COMMON_BLOCKS = YES;
				GCC_WARN_64_TO_32_BIT_CONVERSION = YES;
				GCC_WARN_ABOUT_RETURN_TYPE = YES_ERROR;
				GCC_WARN_UNDECLARED_SELECTOR = YES;
				GCC_WARN_UNINITIALIZED_AUTOS = YES_AGGRESSIVE;
				GCC_WARN_UNUSED_FUNCTION = YES;
				GCC_WARN_UNUSED_VARIABLE = YES;
				IPHONEOS_DEPLOYMENT_TARGET = 17.5;
				LOCALIZATION_PREFERS_STRING_CATALOGS = YES;
				MTL_ENABLE_DEBUG_INFO = NO;
				MTL_FAST_MATH = YES;
				SDKROOT = iphoneos;
				SWIFT_COMPILATION_MODE = wholemodule;
				VALIDATE_PRODUCT = YES;
			};
			name = Release;
		};
		C9234C4C2C5B824E00431A55 /* Debug */ = {
			isa = XCBuildConfiguration;
			buildSettings = {
				ASSETCATALOG_COMPILER_APPICON_NAME = AppIcon;
				ASSETCATALOG_COMPILER_GLOBAL_ACCENT_COLOR_NAME = AccentColor;
				CODE_SIGN_STYLE = Automatic;
				CURRENT_PROJECT_VERSION = 1;
				DEVELOPMENT_ASSET_PATHS = "\"Landmarks_IV/Preview Content\"";
				DEVELOPMENT_TEAM = NXH58JFT33;
				ENABLE_PREVIEWS = YES;
				GENERATE_INFOPLIST_FILE = YES;
				INFOPLIST_KEY_UIApplicationSceneManifest_Generation = YES;
				INFOPLIST_KEY_UIApplicationSupportsIndirectInputEvents = YES;
				INFOPLIST_KEY_UILaunchScreen_Generation = YES;
				INFOPLIST_KEY_UISupportedInterfaceOrientations_iPad = "UIInterfaceOrientationPortrait UIInterfaceOrientationPortraitUpsideDown UIInterfaceOrientationLandscapeLeft UIInterfaceOrientationLandscapeRight";
				INFOPLIST_KEY_UISupportedInterfaceOrientations_iPhone = "UIInterfaceOrientationPortrait UIInterfaceOrientationLandscapeLeft UIInterfaceOrientationLandscapeRight";
				LD_RUNPATH_SEARCH_PATHS = (
					"$(inherited)",
					"@executable_path/Frameworks",
				);
				MARKETING_VERSION = 1.0;
				PRODUCT_BUNDLE_IDENTIFIER = "com.narb.Landmarks-IV";
				PRODUCT_NAME = "$(TARGET_NAME)";
				SWIFT_EMIT_LOC_STRINGS = YES;
				SWIFT_VERSION = 5.0;
				TARGETED_DEVICE_FAMILY = "1,2";
			};
			name = Debug;
		};
		C9234C4D2C5B824E00431A55 /* Release */ = {
			isa = XCBuildConfiguration;
			buildSettings = {
				ASSETCATALOG_COMPILER_APPICON_NAME = AppIcon;
				ASSETCATALOG_COMPILER_GLOBAL_ACCENT_COLOR_NAME = AccentColor;
				CODE_SIGN_STYLE = Automatic;
				CURRENT_PROJECT_VERSION = 1;
				DEVELOPMENT_ASSET_PATHS = "\"Landmarks_IV/Preview Content\"";
				DEVELOPMENT_TEAM = NXH58JFT33;
				ENABLE_PREVIEWS = YES;
				GENERATE_INFOPLIST_FILE = YES;
				INFOPLIST_KEY_UIApplicationSceneManifest_Generation = YES;
				INFOPLIST_KEY_UIApplicationSupportsIndirectInputEvents = YES;
				INFOPLIST_KEY_UILaunchScreen_Generation = YES;
				INFOPLIST_KEY_UISupportedInterfaceOrientations_iPad = "UIInterfaceOrientationPortrait UIInterfaceOrientationPortraitUpsideDown UIInterfaceOrientationLandscapeLeft UIInterfaceOrientationLandscapeRight";
				INFOPLIST_KEY_UISupportedInterfaceOrientations_iPhone = "UIInterfaceOrientationPortrait UIInterfaceOrientationLandscapeLeft UIInterfaceOrientationLandscapeRight";
				LD_RUNPATH_SEARCH_PATHS = (
					"$(inherited)",
					"@executable_path/Frameworks",
				);
				MARKETING_VERSION = 1.0;
				PRODUCT_BUNDLE_IDENTIFIER = "com.narb.Landmarks-IV";
				PRODUCT_NAME = "$(TARGET_NAME)";
				SWIFT_EMIT_LOC_STRINGS = YES;
				SWIFT_VERSION = 5.0;
				TARGETED_DEVICE_FAMILY = "1,2";
			};
			name = Release;
		};
/* End XCBuildConfiguration section */

/* Begin XCConfigurationList section */
		C9234C382C5B824D00431A55 /* Build configuration list for PBXProject "Landmarks_IV" */ = {
			isa = XCConfigurationList;
			buildConfigurations = (
				C9234C492C5B824E00431A55 /* Debug */,
				C9234C4A2C5B824E00431A55 /* Release */,
			);
			defaultConfigurationIsVisible = 0;
			defaultConfigurationName = Release;
		};
		C9234C4B2C5B824E00431A55 /* Build configuration list for PBXNativeTarget "Landmarks_IV" */ = {
			isa = XCConfigurationList;
			buildConfigurations = (
				C9234C4C2C5B824E00431A55 /* Debug */,
				C9234C4D2C5B824E00431A55 /* Release */,
			);
			defaultConfigurationIsVisible = 0;
			defaultConfigurationName = Release;
		};
/* End XCConfigurationList section */
	};
	rootObject = C9234C352C5B824D00431A55 /* Project object */;
}
